
Microsoft Visual Studio Solution File, Format Version 12.00
# Visual Studio Version 17
VisualStudioVersion = 17.7.34031.279
MinimumVisualStudioVersion = 10.0.40219.1
Project("{2150E333-8FDC-42A3-9474-1A3956D46DE8}") = "src", "src", "{A68B9668-B9FA-4E6C-B714-9199C913BBD0}"
EndProject
Project("{FAE04EC0-301F-11D3-BF4B-00C04F79EFBC}") = "Automation.API", "Automation.API\Automation.API.csproj", "{9DF7C992-6998-4F31-BD19-36FE51FB053A}"
EndProject
Project("{FAE04EC0-301F-11D3-BF4B-00C04F79EFBC}") = "Automation.Domain", "Automation.Domain\Automation.Domain.csproj", "{33D5257E-2603-4D08-9B88-40651DA72A88}"
EndProject
Project("{FAE04EC0-301F-11D3-BF4B-00C04F79EFBC}") = "Automation.Infrastructure", "Automation.Infrastructure\Automation.Infrastructure.csproj", "{718A141F-55C8-4BB6-8784-8C086FC86519}"
EndProject
Global
	GlobalSection(SolutionConfigurationPlatforms) = preSolution
		Debug|Any CPU = Debug|Any CPU
		Release|Any CPU = Release|Any CPU
	EndGlobalSection
	GlobalSection(ProjectConfigurationPlatforms) = postSolution
		{9DF7C992-6998-4F31-BD19-36FE51FB053A}.Debug|Any CPU.ActiveCfg = Debug|Any CPU
		{9DF7C992-6998-4F31-BD19-36FE51FB053A}.Debug|Any CPU.Build.0 = Debug|Any CPU
		{9DF7C992-6998-4F31-BD19-36FE51FB053A}.Release|Any CPU.ActiveCfg = Release|Any CPU
		{9DF7C992-6998-4F31-BD19-36FE51FB053A}.Release|Any CPU.Build.0 = Release|Any CPU
		{33D5257E-2603-4D08-9B88-40651DA72A88}.Debug|Any CPU.ActiveCfg = Debug|Any CPU
		{33D5257E-2603-4D08-9B88-40651DA72A88}.Debug|Any CPU.Build.0 = Debug|Any CPU
		{33D5257E-2603-4D08-9B88-40651DA72A88}.Release|Any CPU.ActiveCfg = Release|Any CPU
		{33D5257E-2603-4D08-9B88-40651DA72A88}.Release|Any CPU.Build.0 = Release|Any CPU
		{718A141F-55C8-4BB6-8784-8C086FC86519}.Debug|Any CPU.ActiveCfg = Debug|Any CPU
		{718A141F-55C8-4BB6-8784-8C086FC86519}.Debug|Any CPU.Build.0 = Debug|Any CPU
		{718A141F-55C8-4BB6-8784-8C086FC86519}.Release|Any CPU.ActiveCfg = Release|Any CPU
		{718A141F-55C8-4BB6-8784-8C086FC86519}.Release|Any CPU.Build.0 = Release|Any CPU
	EndGlobalSection
	GlobalSection(SolutionProperties) = preSolution
		HideSolutionNode = FALSE
	EndGlobalSection
	GlobalSection(NestedProjects) = preSolution
		{9DF7C992-6998-4F31-BD19-36FE51FB053A} = {A68B9668-B9FA-4E6C-B714-9199C913BBD0}
		{33D5257E-2603-4D08-9B88-40651DA72A88} = {A68B9668-B9FA-4E6C-B714-9199C913BBD0}
		{718A141F-55C8-4BB6-8784-8C086FC86519} = {A68B9668-B9FA-4E6C-B714-9199C913BBD0}
	EndGlobalSection
	GlobalSection(ExtensibilityGlobals) = postSolution
		SolutionGuid = {EA02D555-0544-42DD-9119-98FED20DF59D}
	EndGlobalSection
EndGlobal
